
Microsoft Visual Studio Solution File, Format Version 12.00
Project("{FAE04EC0-301F-11D3-BF4B-00C04F79EFBC}") = "consuming-webapi-dotnet", "consuming-webapi-dotnet\consuming-webapi-dotnet.csproj", "{B9E3FD80-4D09-4322-8FA3-FC60336F929B}"
EndProject
Global
	GlobalSection(SolutionConfigurationPlatforms) = preSolution
		Debug|Any CPU = Debug|Any CPU
		Release|Any CPU = Release|Any CPU
	EndGlobalSection
	GlobalSection(ProjectConfigurationPlatforms) = postSolution
		{B9E3FD80-4D09-4322-8FA3-FC60336F929B}.Debug|Any CPU.ActiveCfg = Debug|Any CPU
		{B9E3FD80-4D09-4322-8FA3-FC60336F929B}.Debug|Any CPU.Build.0 = Debug|Any CPU
		{B9E3FD80-4D09-4322-8FA3-FC60336F929B}.Release|Any CPU.ActiveCfg = Release|Any CPU
		{B9E3FD80-4D09-4322-8FA3-FC60336F929B}.Release|Any CPU.Build.0 = Release|Any CPU
	EndGlobalSection
EndGlobal
