
Microsoft Visual Studio Solution File, Format Version 12.00
# Visual Studio Version 16
VisualStudioVersion = 16.0.30404.54
MinimumVisualStudioVersion = 10.0.40219.1
Project("{9A19103F-16F7-4668-BE54-9A1E7A4F7556}") = "Chinook.API", "Chinook.API\Chinook.API.csproj", "{557232B7-5456-446C-A305-63F3CE8B4709}"
EndProject
Project("{9A19103F-16F7-4668-BE54-9A1E7A4F7556}") = "Chinook.Domain", "Chinook.Domain\Chinook.Domain.csproj", "{06AB7E72-A95B-470D-B440-93273A1D70A2}"
EndProject
Project("{9A19103F-16F7-4668-BE54-9A1E7A4F7556}") = "Chinook.DataEF", "Chinook.DataEF\Chinook.DataEF.csproj", "{65B69212-08D9-4A4F-9D55-9EECF1E71E18}"
EndProject
Project("{9A19103F-16F7-4668-BE54-9A1E7A4F7556}") = "Chinook.DataMock", "Chinook.DataMock\Chinook.DataMock.csproj", "{9778535F-3814-488D-9AC7-AEB6AB54247C}"
EndProject
Project("{9A19103F-16F7-4668-BE54-9A1E7A4F7556}") = "Chinook.UnitTest", "Chinook.UnitTest\Chinook.UnitTest.csproj", "{46BE7169-16D1-4AB6-BBFB-BD4C3108A82A}"
EndProject
Global
	GlobalSection(SolutionConfigurationPlatforms) = preSolution
		Debug|Any CPU = Debug|Any CPU
		Release|Any CPU = Release|Any CPU
	EndGlobalSection
	GlobalSection(ProjectConfigurationPlatforms) = postSolution
		{557232B7-5456-446C-A305-63F3CE8B4709}.Debug|Any CPU.ActiveCfg = Debug|Any CPU
		{557232B7-5456-446C-A305-63F3CE8B4709}.Debug|Any CPU.Build.0 = Debug|Any CPU
		{557232B7-5456-446C-A305-63F3CE8B4709}.Release|Any CPU.ActiveCfg = Release|Any CPU
		{557232B7-5456-446C-A305-63F3CE8B4709}.Release|Any CPU.Build.0 = Release|Any CPU
		{06AB7E72-A95B-470D-B440-93273A1D70A2}.Debug|Any CPU.ActiveCfg = Debug|Any CPU
		{06AB7E72-A95B-470D-B440-93273A1D70A2}.Debug|Any CPU.Build.0 = Debug|Any CPU
		{06AB7E72-A95B-470D-B440-93273A1D70A2}.Release|Any CPU.ActiveCfg = Release|Any CPU
		{06AB7E72-A95B-470D-B440-93273A1D70A2}.Release|Any CPU.Build.0 = Release|Any CPU
		{65B69212-08D9-4A4F-9D55-9EECF1E71E18}.Debug|Any CPU.ActiveCfg = Debug|Any CPU
		{65B69212-08D9-4A4F-9D55-9EECF1E71E18}.Debug|Any CPU.Build.0 = Debug|Any CPU
		{65B69212-08D9-4A4F-9D55-9EECF1E71E18}.Release|Any CPU.ActiveCfg = Release|Any CPU
		{65B69212-08D9-4A4F-9D55-9EECF1E71E18}.Release|Any CPU.Build.0 = Release|Any CPU
		{9778535F-3814-488D-9AC7-AEB6AB54247C}.Debug|Any CPU.ActiveCfg = Debug|Any CPU
		{9778535F-3814-488D-9AC7-AEB6AB54247C}.Debug|Any CPU.Build.0 = Debug|Any CPU
		{9778535F-3814-488D-9AC7-AEB6AB54247C}.Release|Any CPU.ActiveCfg = Release|Any CPU
		{9778535F-3814-488D-9AC7-AEB6AB54247C}.Release|Any CPU.Build.0 = Release|Any CPU
		{46BE7169-16D1-4AB6-BBFB-BD4C3108A82A}.Debug|Any CPU.ActiveCfg = Debug|Any CPU
		{46BE7169-16D1-4AB6-BBFB-BD4C3108A82A}.Debug|Any CPU.Build.0 = Debug|Any CPU
		{46BE7169-16D1-4AB6-BBFB-BD4C3108A82A}.Release|Any CPU.ActiveCfg = Release|Any CPU
		{46BE7169-16D1-4AB6-BBFB-BD4C3108A82A}.Release|Any CPU.Build.0 = Release|Any CPU
	EndGlobalSection
	GlobalSection(SolutionProperties) = preSolution
		HideSolutionNode = FALSE
	EndGlobalSection
	GlobalSection(ExtensibilityGlobals) = postSolution
		SolutionGuid = {E571ECE2-050E-46BB-B607-F83E3BE1CBC9}
	EndGlobalSection
EndGlobal
